
Microsoft Visual Studio Solution File, Format Version 12.00
# Visual Studio Version 17
VisualStudioVersion = 17.12.35707.178
MinimumVisualStudioVersion = 10.0.40219.1
Project("{FAE04EC0-301F-11D3-BF4B-00C04F79EFBC}") = "Hmail project", "Hmail project\Hmail project.csproj", "{DD5BDECA-3165-41F9-9939-F561893FB119}"
EndProject
Project("{E24C65DC-7377-472B-9ABA-BC803B73C61A}") = "ngHmail", "..\ngHmail\", "{F9B974D2-59CF-4C2A-84B5-7B3AB970EAE9}"
	ProjectSection(WebsiteProperties) = preProject
		TargetFrameworkMoniker = ".NETFramework,Version%3Dv4.0"
		Debug.AspNetCompiler.VirtualPath = "/localhost_64479"
		Debug.AspNetCompiler.PhysicalPath = "..\ngHmail\"
		Debug.AspNetCompiler.TargetPath = "PrecompiledWeb\localhost_64479\"
		Debug.AspNetCompiler.Updateable = "true"
		Debug.AspNetCompiler.ForceOverwrite = "true"
		Debug.AspNetCompiler.FixedNames = "false"
		Debug.AspNetCompiler.Debug = "True"
		Release.AspNetCompiler.VirtualPath = "/localhost_64479"
		Release.AspNetCompiler.PhysicalPath = "..\ngHmail\"
		Release.AspNetCompiler.TargetPath = "PrecompiledWeb\localhost_64479\"
		Release.AspNetCompiler.Updateable = "true"
		Release.AspNetCompiler.ForceOverwrite = "true"
		Release.AspNetCompiler.FixedNames = "false"
		Release.AspNetCompiler.Debug = "False"
		VWDPort = "64479"
		SlnRelativePath = "..\ngHmail\"
	EndProjectSection
EndProject
Global
	GlobalSection(SolutionConfigurationPlatforms) = preSolution
		Debug|Any CPU = Debug|Any CPU
		Release|Any CPU = Release|Any CPU
	EndGlobalSection
	GlobalSection(ProjectConfigurationPlatforms) = postSolution
		{DD5BDECA-3165-41F9-9939-F561893FB119}.Debug|Any CPU.ActiveCfg = Debug|Any CPU
		{DD5BDECA-3165-41F9-9939-F561893FB119}.Debug|Any CPU.Build.0 = Debug|Any CPU
		{DD5BDECA-3165-41F9-9939-F561893FB119}.Release|Any CPU.ActiveCfg = Release|Any CPU
		{DD5BDECA-3165-41F9-9939-F561893FB119}.Release|Any CPU.Build.0 = Release|Any CPU
		{F9B974D2-59CF-4C2A-84B5-7B3AB970EAE9}.Debug|Any CPU.ActiveCfg = Debug|Any CPU
		{F9B974D2-59CF-4C2A-84B5-7B3AB970EAE9}.Debug|Any CPU.Build.0 = Debug|Any CPU
		{F9B974D2-59CF-4C2A-84B5-7B3AB970EAE9}.Release|Any CPU.ActiveCfg = Debug|Any CPU
		{F9B974D2-59CF-4C2A-84B5-7B3AB970EAE9}.Release|Any CPU.Build.0 = Debug|Any CPU
	EndGlobalSection
	GlobalSection(SolutionProperties) = preSolution
		HideSolutionNode = FALSE
	EndGlobalSection
EndGlobal
